
Microsoft Visual Studio Solution File, Format Version 12.00
# Visual Studio Version 17
VisualStudioVersion = 17.1.32328.378
MinimumVisualStudioVersion = 10.0.40219.1
Project("{FAE04EC0-301F-11D3-BF4B-00C04F79EFBC}") = "CS-muster", "CS-muster\CS-muster.csproj", "{CD258DF5-620C-4C83-AC84-9FC3802520EA}"
EndProject
Global
	GlobalSection(SolutionConfigurationPlatforms) = preSolution
		Debug|Any CPU = Debug|Any CPU
		Release|Any CPU = Release|Any CPU
	EndGlobalSection
	GlobalSection(ProjectConfigurationPlatforms) = postSolution
		{CD258DF5-620C-4C83-AC84-9FC3802520EA}.Debug|Any CPU.ActiveCfg = Debug|Any CPU
		{CD258DF5-620C-4C83-AC84-9FC3802520EA}.Debug|Any CPU.Build.0 = Debug|Any CPU
		{CD258DF5-620C-4C83-AC84-9FC3802520EA}.Release|Any CPU.ActiveCfg = Release|Any CPU
		{CD258DF5-620C-4C83-AC84-9FC3802520EA}.Release|Any CPU.Build.0 = Release|Any CPU
	EndGlobalSection
	GlobalSection(SolutionProperties) = preSolution
		HideSolutionNode = FALSE
	EndGlobalSection
	GlobalSection(ExtensibilityGlobals) = postSolution
		SolutionGuid = {B39578E3-95F2-40B2-9C45-D651C42F7D46}
	EndGlobalSection
EndGlobal
